# This file is automatically @generated by Cargo.
# It is not intended for manual editing.
version = 4

[[package]]
name = "dedicated-server"
version = "0.1.0"
dependencies = [
 "game-protocol",
 "game-types",
 "sim-core",
]

[[package]]
name = "game-client"
version = "0.1.0"
dependencies = [
 "game-protocol",
 "game-types",
 "sim-core",
]

[[package]]
name = "game-protocol"
version = "0.1.0"
dependencies = [
 "game-types",
 "sim-core",
]

[[package]]
name = "game-types"
version = "0.1.0"

[[package]]
name = "sim-bench"
version = "0.1.0"
dependencies = [
 "game-types",
 "sim-core",
]

[[package]]
name = "sim-core"
version = "0.1.0"
dependencies = [
 "game-types",
]
